
Microsoft Visual Studio Solution File, Format Version 12.00
# Visual Studio Version 17
VisualStudioVersion = 17.13.35825.156
MinimumVisualStudioVersion = 10.0.40219.1
Project("{FAE04EC0-301F-11D3-BF4B-00C04F79EFBC}") = "LabraryBook", "..\LabraryBook\LabraryBook\LabraryBook.csproj", "{1099741B-9730-46D0-B432-1417EDC41C51}"
EndProject
Project("{FAE04EC0-301F-11D3-BF4B-00C04F79EFBC}") = "PersonalExpenseTracker", "..\PersonalExpenseTracker\PersonalExpenseTracker\PersonalExpenseTracker.csproj", "{EC278524-9605-4DB5-90F9-E4D8C7230858}"
EndProject
Project("{FAE04EC0-301F-11D3-BF4B-00C04F79EFBC}") = "QuizCreationTool", "..\QuizCreationTool\QuizCreationTool\QuizCreationTool.csproj", "{AA0772C3-9EF4-403C-B883-DBC963CB93F7}"
EndProject
Global
	GlobalSection(SolutionConfigurationPlatforms) = preSolution
		Debug|Any CPU = Debug|Any CPU
		Release|Any CPU = Release|Any CPU
	EndGlobalSection
	GlobalSection(ProjectConfigurationPlatforms) = postSolution
		{1099741B-9730-46D0-B432-1417EDC41C51}.Debug|Any CPU.ActiveCfg = Debug|Any CPU
		{1099741B-9730-46D0-B432-1417EDC41C51}.Debug|Any CPU.Build.0 = Debug|Any CPU
		{1099741B-9730-46D0-B432-1417EDC41C51}.Release|Any CPU.ActiveCfg = Release|Any CPU
		{1099741B-9730-46D0-B432-1417EDC41C51}.Release|Any CPU.Build.0 = Release|Any CPU
		{EC278524-9605-4DB5-90F9-E4D8C7230858}.Debug|Any CPU.ActiveCfg = Debug|Any CPU
		{EC278524-9605-4DB5-90F9-E4D8C7230858}.Debug|Any CPU.Build.0 = Debug|Any CPU
		{EC278524-9605-4DB5-90F9-E4D8C7230858}.Release|Any CPU.ActiveCfg = Release|Any CPU
		{EC278524-9605-4DB5-90F9-E4D8C7230858}.Release|Any CPU.Build.0 = Release|Any CPU
		{AA0772C3-9EF4-403C-B883-DBC963CB93F7}.Debug|Any CPU.ActiveCfg = Debug|Any CPU
		{AA0772C3-9EF4-403C-B883-DBC963CB93F7}.Debug|Any CPU.Build.0 = Debug|Any CPU
		{AA0772C3-9EF4-403C-B883-DBC963CB93F7}.Release|Any CPU.ActiveCfg = Release|Any CPU
		{AA0772C3-9EF4-403C-B883-DBC963CB93F7}.Release|Any CPU.Build.0 = Release|Any CPU
	EndGlobalSection
	GlobalSection(SolutionProperties) = preSolution
		HideSolutionNode = FALSE
	EndGlobalSection
	GlobalSection(ExtensibilityGlobals) = postSolution
		SolutionGuid = {2C2ED18B-6356-4810-9B5D-9A569504466D}
	EndGlobalSection
EndGlobal
