
Microsoft Visual Studio Solution File, Format Version 12.00
# Visual Studio Version 17
VisualStudioVersion = 17.13.35913.81 d17.13
MinimumVisualStudioVersion = 10.0.40219.1
Project("{FAE04EC0-301F-11D3-BF4B-00C04F79EFBC}") = "Week04Homework", "Week04Homework\Week04Homework.csproj", "{FD168BB4-C27F-49EB-A101-2BA0ACCBD21C}"
EndProject
Global
	GlobalSection(SolutionConfigurationPlatforms) = preSolution
		Debug|Any CPU = Debug|Any CPU
		Release|Any CPU = Release|Any CPU
	EndGlobalSection
	GlobalSection(ProjectConfigurationPlatforms) = postSolution
		{FD168BB4-C27F-49EB-A101-2BA0ACCBD21C}.Debug|Any CPU.ActiveCfg = Debug|Any CPU
		{FD168BB4-C27F-49EB-A101-2BA0ACCBD21C}.Debug|Any CPU.Build.0 = Debug|Any CPU
		{FD168BB4-C27F-49EB-A101-2BA0ACCBD21C}.Release|Any CPU.ActiveCfg = Release|Any CPU
		{FD168BB4-C27F-49EB-A101-2BA0ACCBD21C}.Release|Any CPU.Build.0 = Release|Any CPU
	EndGlobalSection
	GlobalSection(SolutionProperties) = preSolution
		HideSolutionNode = FALSE
	EndGlobalSection
	GlobalSection(ExtensibilityGlobals) = postSolution
		SolutionGuid = {CDEDC621-358D-4639-B19A-C2743DE8B5EB}
	EndGlobalSection
EndGlobal
